
Microsoft Visual Studio Solution File, Format Version 12.00
# Visual Studio Version 17
VisualStudioVersion = 17.9.34728.123
MinimumVisualStudioVersion = 10.0.40219.1
Project("{FAE04EC0-301F-11D3-BF4B-00C04F79EFBC}") = "30336570(Project-2)", "30336570(Project-2).csproj", "{98C15CAA-1318-4EA7-BD1A-E43732AA59DC}"
EndProject
Global
	GlobalSection(SolutionConfigurationPlatforms) = preSolution
		Debug|Any CPU = Debug|Any CPU
		Release|Any CPU = Release|Any CPU
	EndGlobalSection
	GlobalSection(ProjectConfigurationPlatforms) = postSolution
		{98C15CAA-1318-4EA7-BD1A-E43732AA59DC}.Debug|Any CPU.ActiveCfg = Debug|Any CPU
		{98C15CAA-1318-4EA7-BD1A-E43732AA59DC}.Debug|Any CPU.Build.0 = Debug|Any CPU
		{98C15CAA-1318-4EA7-BD1A-E43732AA59DC}.Release|Any CPU.ActiveCfg = Release|Any CPU
		{98C15CAA-1318-4EA7-BD1A-E43732AA59DC}.Release|Any CPU.Build.0 = Release|Any CPU
	EndGlobalSection
	GlobalSection(SolutionProperties) = preSolution
		HideSolutionNode = FALSE
	EndGlobalSection
	GlobalSection(ExtensibilityGlobals) = postSolution
		SolutionGuid = {BC9153B1-2321-428F-9F4E-0BEA82D67841}
	EndGlobalSection
EndGlobal
