
Microsoft Visual Studio Solution File, Format Version 12.00
# Visual Studio Version 17
VisualStudioVersion = 17.9.34728.123
MinimumVisualStudioVersion = 10.0.40219.1
Project("{FAE04EC0-301F-11D3-BF4B-00C04F79EFBC}") = "CMPG323-Project2-30336570", "CMPG323-Project2-30336570.csproj", "{78A154B2-C167-473C-A4D3-5EA0E5968FD1}"
EndProject
Global
	GlobalSection(SolutionConfigurationPlatforms) = preSolution
		Debug|Any CPU = Debug|Any CPU
		Release|Any CPU = Release|Any CPU
	EndGlobalSection
	GlobalSection(ProjectConfigurationPlatforms) = postSolution
		{78A154B2-C167-473C-A4D3-5EA0E5968FD1}.Debug|Any CPU.ActiveCfg = Debug|Any CPU
		{78A154B2-C167-473C-A4D3-5EA0E5968FD1}.Debug|Any CPU.Build.0 = Debug|Any CPU
		{78A154B2-C167-473C-A4D3-5EA0E5968FD1}.Release|Any CPU.ActiveCfg = Release|Any CPU
		{78A154B2-C167-473C-A4D3-5EA0E5968FD1}.Release|Any CPU.Build.0 = Release|Any CPU
	EndGlobalSection
	GlobalSection(SolutionProperties) = preSolution
		HideSolutionNode = FALSE
	EndGlobalSection
	GlobalSection(ExtensibilityGlobals) = postSolution
		SolutionGuid = {F83A4EC2-0045-479F-8C07-23D63353816D}
	EndGlobalSection
EndGlobal
